{
  "version": "3",
  "packages": {
    "specifiers": {
      "npm:@types/node": "npm:@types/node@18.16.19"
    },
    "npm": {
      "@types/node@18.16.19": {
        "integrity": "sha512-IXl7o+R9iti9eBW4Wg2hx1xQDig183jj7YLn8F7udNceyfkbn1ZxmzZXuak20gR40D7pIkIY1kYGx5VIGbaHKA==",
        "dependencies": {}
      }
    }
  },
  "remote": {
    "https://deno.land/std@0.181.0/_util/asserts.ts": "178dfc49a464aee693a7e285567b3d0b555dc805ff490505a8aae34f9cfb1462",
    "https://deno.land/std@0.181.0/bytes/bytes_list.ts": "b4cbdfd2c263a13e8a904b12d082f6177ea97d9297274a4be134e989450dfa6a",
    "https://deno.land/std@0.181.0/bytes/concat.ts": "d26d6f3d7922e6d663dacfcd357563b7bf4a380ce5b9c2bbe0c8586662f25ce2",
    "https://deno.land/std@0.181.0/bytes/copy.ts": "939d89e302a9761dcf1d9c937c7711174ed74c59eef40a1e4569a05c9de88219",
    "https://deno.land/std@0.181.0/fmt/colors.ts": "d67e3cd9f472535241a8e410d33423980bec45047e343577554d3356e1f0ef4e",
    "https://deno.land/std@0.181.0/io/buf_reader.ts": "abeb92b18426f11d72b112518293a96aef2e6e55f80b84235e8971ac910affb5",
    "https://deno.land/std@0.181.0/io/buf_writer.ts": "48c33c8f00b61dcbc7958706741cec8e59810bd307bc6a326cbd474fe8346dfd",
    "https://deno.land/std@0.181.0/io/buffer.ts": "17f4410eaaa60a8a85733e8891349a619eadfbbe42e2f319283ce2b8f29723ab",
    "https://deno.land/std@0.181.0/io/copy_n.ts": "0cc7ce07c75130f6fc18621ec1911c36e147eb9570664fee0ea12b1988167590",
    "https://deno.land/std@0.181.0/io/limited_reader.ts": "6c9a216f8eef39c1ee2a6b37a29372c8fc63455b2eeb91f06d9646f8f759fc8b",
    "https://deno.land/std@0.181.0/io/mod.ts": "2665bcccc1fd6e8627cca167c3e92aaecbd9897556b6f69e6d258070ef63fd9b",
    "https://deno.land/std@0.181.0/io/multi_reader.ts": "9c2a0a31686c44b277e16da1d97b4686a986edcee48409b84be25eedbc39b271",
    "https://deno.land/std@0.181.0/io/read_delim.ts": "c02b93cc546ae8caad8682ae270863e7ace6daec24c1eddd6faabc95a9d876a3",
    "https://deno.land/std@0.181.0/io/read_int.ts": "7cb8bcdfaf1107586c3bacc583d11c64c060196cb070bb13ae8c2061404f911f",
    "https://deno.land/std@0.181.0/io/read_lines.ts": "c526c12a20a9386dc910d500f9cdea43cba974e853397790bd146817a7eef8cc",
    "https://deno.land/std@0.181.0/io/read_long.ts": "f0aaa420e3da1261c5d33c5e729f09922f3d9fa49f046258d4ff7a00d800c71e",
    "https://deno.land/std@0.181.0/io/read_range.ts": "28152daf32e43dd9f7d41d8466852b0d18ad766cd5c4334c91fef6e1b3a74eb5",
    "https://deno.land/std@0.181.0/io/read_short.ts": "805cb329574b850b84bf14a92c052c59b5977a492cd780c41df8ad40826c1a20",
    "https://deno.land/std@0.181.0/io/read_string_delim.ts": "5dc9f53bdf78e7d4ee1e56b9b60352238ab236a71c3e3b2a713c3d78472a53ce",
    "https://deno.land/std@0.181.0/io/slice_long_to_bytes.ts": "48d9bace92684e880e46aa4a2520fc3867f9d7ce212055f76ecc11b22f9644b7",
    "https://deno.land/std@0.181.0/io/string_reader.ts": "da0f68251b3d5b5112485dfd4d1b1936135c9b4d921182a7edaf47f74c25cc8f",
    "https://deno.land/std@0.181.0/io/string_writer.ts": "8a03c5858c24965a54c6538bed15f32a7c72f5704a12bda56f83a40e28e5433e",
    "https://deno.land/std@0.181.0/testing/_diff.ts": "1a3c044aedf77647d6cac86b798c6417603361b66b54c53331b312caeb447aea",
    "https://deno.land/std@0.181.0/testing/_format.ts": "a69126e8a469009adf4cf2a50af889aca364c349797e63174884a52ff75cf4c7",
    "https://deno.land/std@0.181.0/testing/asserts.ts": "e16d98b4d73ffc4ed498d717307a12500ae4f2cbe668f1a215632d19fcffc22f",
    "https://deno.land/std@0.200.0/assert/assert.ts": "9a97dad6d98c238938e7540736b826440ad8c1c1e54430ca4c4e623e585607ee",
    "https://deno.land/std@0.200.0/assert/assertion_error.ts": "4d0bde9b374dfbcbe8ac23f54f567b77024fb67dbb1906a852d67fe050d42f56",
    "https://deno.land/std@0.200.0/async/abortable.ts": "fd682fa46f3b7b16b4606a5ab52a7ce309434b76f820d3221bdfb862719a15d7",
    "https://deno.land/std@0.200.0/async/deadline.ts": "58f72a3cc0fcb731b2cc055ba046f4b5be3349ff6bf98f2e793c3b969354aab2",
    "https://deno.land/std@0.200.0/async/debounce.ts": "adab11d04ca38d699444ac8a9d9856b4155e8dda2afd07ce78276c01ea5a4332",
    "https://deno.land/std@0.200.0/async/deferred.ts": "42790112f36a75a57db4a96d33974a936deb7b04d25c6084a9fa8a49f135def8",
    "https://deno.land/std@0.200.0/async/delay.ts": "a6142eb44cdd856b645086af2b811b1fcce08ec06bb7d50969e6a872ee9b8659",
    "https://deno.land/std@0.200.0/async/mod.ts": "f04344fa21738e5ad6bea37a6bfffd57c617c2d372bb9f9dcfd118a1b622e576",
    "https://deno.land/std@0.200.0/async/mux_async_iterator.ts": "70c7f2ee4e9466161350473ad61cac0b9f115cff4c552eaa7ef9d50c4cbb4cc9",
    "https://deno.land/std@0.200.0/async/pool.ts": "f1b8d3df4d7fd3c73f8cbc91cc2e8b8e950910f1eab94230b443944d7584c657",
    "https://deno.land/std@0.200.0/async/retry.ts": "296fb9c323e1325a69bee14ba947e7da7409a8dd9dd646d70cb51ea0d301f24e",
    "https://deno.land/std@0.200.0/async/tee.ts": "47e42d35f622650b02234d43803d0383a89eb4387e1b83b5a40106d18ae36757",
    "https://deno.land/std@0.88.0/async/deferred.ts": "f89ed49ba5e1dd0227c6bd5b23f017be46c3f92e4f0338dda08ff5aa54b9f6c9",
    "https://deno.land/std@0.88.0/async/delay.ts": "9de1d8d07d1927767ab7f82434b883f3d8294fb19cad819691a2ad81a728cf3d",
    "https://deno.land/std@0.88.0/async/mod.ts": "253b41c658d768613eacfb11caa0a9ca7148442f932018a45576f7f27554c853",
    "https://deno.land/std@0.88.0/async/mux_async_iterator.ts": "b9091909db04cdb0af6f7807677372f64c1488de6c4bd86004511b064bf230d6",
    "https://deno.land/std@0.88.0/async/pool.ts": "876f9e6815366cd017a3b4fbb9e9ae40310b1b6972f1bd541c94358bc11fb7e5",
    "https://deno.land/std@0.88.0/encoding/base64.ts": "eecae390f1f1d1cae6f6c6d732ede5276bf4b9cd29b1d281678c054dc5cc009e",
    "https://deno.land/std@0.88.0/encoding/hex.ts": "f952e0727bddb3b2fd2e6889d104eacbd62e92091f540ebd6459317a61932d9b",
    "https://deno.land/std@0.88.0/fmt/colors.ts": "db22b314a2ae9430ae7460ce005e0a7130e23ae1c999157e3bb77cf55800f7e4",
    "https://deno.land/std@0.88.0/node/_utils.ts": "067c386d676432e9418808851e8de72df7774f009a652904f62358b4c94504cf",
    "https://deno.land/std@0.88.0/node/buffer.ts": "e98af24a3210d8fc3f022b6eb26d6e5bdf98fb0e02931e5983d20db9fed1b590",
    "https://deno.land/std@0.88.0/testing/_diff.ts": "961eaf6d9f5b0a8556c9d835bbc6fa74f5addd7d3b02728ba7936ff93364f7a3",
    "https://deno.land/std@0.88.0/testing/asserts.ts": "7fae8128125106ddf8e4b3ac84cc3b5fb2378e3fbf8ba38947ebe24faa002ce2",
    "https://deno.land/x/deno_mock_fetch@1.0.1/mock-fetch.error.ts": "c75e83b959d0b4b18bc5434c15dc5ab40a37fe6069cb51d7607a22391a7b22af",
    "https://deno.land/x/deno_mock_fetch@1.0.1/mock-fetch.ts": "bc06fb96910aea4c042b7c7387887fecd70f272b7230de0262711c878066111c",
    "https://deno.land/x/deno_mock_fetch@1.0.1/mock-fetch.type.ts": "c03dc0cb93b4e68496813e9c0a322e3e2a08d16fb78f9b7196a5328cbc0ed771",
    "https://deno.land/x/deno_mock_fetch@1.0.1/mock-interceptor.ts": "659014b78275a679fc4644d1f36ba486a27eaa7149c2f3f32fa34a2e7a085059",
    "https://deno.land/x/deno_mock_fetch@1.0.1/mock-scope.ts": "f7235b1efa7371b0698f0b5122eb82d042063411429585e4cdf740f2ae60af94",
    "https://deno.land/x/deno_mock_fetch@1.0.1/mock-utils.ts": "3a7b12704a75eee2e9721221c3da80bd70ab4f00fdbd1b786fb240f1be20b497",
    "https://deno.land/x/deno_mock_fetch@1.0.1/mod.ts": "7ea9e35228454b578ff47d42602eba53de0174ffa4ca5567308b11384b55ddd7",
    "https://deno.land/x/module_cache@0.0.3/mod.ts": "c5e724477146e68b7a4d7ba440cd18f2ef4b28e4244ce48358c79efe98e3cd24",
    "https://deno.land/x/sqlite@v3.7.1/build/sqlite.js": "c59f109f100c2bae0b9342f04e0d400583e2e3211d08bb71095177a4109ee5bf",
    "https://deno.land/x/sqlite@v3.7.1/build/vfs.js": "08533cc78fb29b9d9bd62f6bb93e5ef333407013fed185776808f11223ba0e70",
    "https://deno.land/x/sqlite@v3.7.1/mod.ts": "e09fc79d8065fe222578114b109b1fd60077bff1bb75448532077f784f4d6a83",
    "https://deno.land/x/sqlite@v3.7.1/src/constants.ts": "90f3be047ec0a89bcb5d6fc30db121685fc82cb00b1c476124ff47a4b0472aa9",
    "https://deno.land/x/sqlite@v3.7.1/src/db.ts": "59c6c2b5c4127132558bb8c610eadd811822f1a5d7f9c509704179ca192f94e0",
    "https://deno.land/x/sqlite@v3.7.1/src/error.ts": "f7a15cb00d7c3797da1aefee3cf86d23e0ae92e73f0ba3165496c3816ab9503a",
    "https://deno.land/x/sqlite@v3.7.1/src/function.ts": "e4c83b8ec64bf88bafad2407376b0c6a3b54e777593c70336fb40d43a79865f2",
    "https://deno.land/x/sqlite@v3.7.1/src/query.ts": "d58abda928f6582d77bad685ecf551b1be8a15e8e38403e293ec38522e030cad",
    "https://deno.land/x/sqlite@v3.7.1/src/wasm.ts": "e79d0baa6e42423257fb3c7cc98091c54399254867e0f34a09b5bdef37bd9487",
    "https://esm.sh/nostr-tools@1.8.4?pin=v115": "62e5b620dbbaea0ee399efcc700260da12836a353fa521d35969d3454e591a77",
    "https://esm.sh/v115/@noble/hashes@1.2.0/denonext/_assert.js": "2d47b1ae1c443fbcda3aa75e6d66c26da566d1775dcd757165314e8e9d1162da",
    "https://esm.sh/v115/@noble/hashes@1.2.0/denonext/crypto.js": "0880be2fb91177484b9a5916a286aadce6a1c8b1b5cf6be47393361e6b121a17",
    "https://esm.sh/v115/@noble/hashes@1.2.0/denonext/hmac.js": "cdb442a8326674449570b98daa44b07317908eae81205c178cab542ea754b91d",
    "https://esm.sh/v115/@noble/hashes@1.2.0/denonext/pbkdf2.js": "e8b8e2ff70ecb35442fabfece10e76850ac8dc6aaf44a769871c9e6dbe60d264",
    "https://esm.sh/v115/@noble/hashes@1.2.0/denonext/ripemd160.js": "8cd5e59afc12f6f6a2c980495f699a76d812ca30772d4c085ff8477fe4b1a2fe",
    "https://esm.sh/v115/@noble/hashes@1.2.0/denonext/sha256.js": "8dec7d1bb4d0799f9cdf8f9ea7d8c3e91790255d547defcf62a626a0a190185e",
    "https://esm.sh/v115/@noble/hashes@1.2.0/denonext/sha512.js": "85ccf57544faca95a6aeab11951f98f49e56b3cbad0618f624838c7e8fb4361d",
    "https://esm.sh/v115/@noble/hashes@1.2.0/denonext/utils.js": "11431fc23031cb324977bc992e699fda8ec7c63fcc17c2b4f71a3902d48e99e5",
    "https://esm.sh/v115/@noble/secp256k1@1.7.0/denonext/secp256k1.mjs": "36fb68b95b2f62de23d275be52b2eec68813083b93b78f7032492188ef59c77b",
    "https://esm.sh/v115/@noble/secp256k1@1.7.1/denonext/secp256k1.mjs": "43c5a7ba14ae81b36e5ce64abf45962119527e926cddb764b7e510869b05f0bd",
    "https://esm.sh/v115/@scure/base@1.1.1/denonext/base.mjs": "8f9cb853c4f6a4367c2f5bfb921d54b4ed61e41829944435e5878781b54d94a9",
    "https://esm.sh/v115/@scure/bip32@1.1.4/denonext/bip32.mjs": "05471356192b1286874be6c28bea4ebac6dd6bc680bce795640604bb317c2165",
    "https://esm.sh/v115/@scure/bip39@1.1.1/denonext/bip39.mjs": "00ccac2e221996db35b6780b3ae2cf37a153111bd1d348c9defe3a4341ec683d",
    "https://esm.sh/v115/@scure/bip39@1.1.1/denonext/wordlists/english.js": "72ca7f3b2e856a62caa00441579008da89ea21a9c8a428ae547cdcffd17ae40c",
    "https://esm.sh/v115/nostr-tools@1.8.4/denonext/nostr-tools.mjs": "f8023312404e4a83f0c052653643bcdbf5169a1585bd5399f11c65f37f7bcf16",
    "https://raw.githubusercontent.com/alexgleason/Keydb/1bda308df9e589339532daf31f1717ef7a59d2af/adapter.ts": "32e5182648011b188952ada0528f564b374260449ec3b06237f36225d4d19510",
    "https://raw.githubusercontent.com/alexgleason/Keydb/1bda308df9e589339532daf31f1717ef7a59d2af/jsonb.ts": "1b540f8bd0b43fe847cd3e2a852d2f53e610cd77b81c11d175ebe91a3f110be8",
    "https://raw.githubusercontent.com/alexgleason/Keydb/1bda308df9e589339532daf31f1717ef7a59d2af/keydb.ts": "616c4c866c9e11c29d5654d367468ed51b689565043f53fdeb5eb66f25138156",
    "https://raw.githubusercontent.com/alexgleason/Keydb/1bda308df9e589339532daf31f1717ef7a59d2af/memory.ts": "f0ab6faf293c4ad3539fd3cf89c764d7f34d39d24e471ea59eebb5d1f5a510dc",
    "https://raw.githubusercontent.com/alexgleason/Keydb/1bda308df9e589339532daf31f1717ef7a59d2af/sqlite.ts": "c8f172cfea9425cb16e844622375c9578db508de7d710ad3987cf6cd6bff197a"
  }
}
